
Microsoft Visual Studio Solution File, Format Version 12.00
# Visual Studio 2013
VisualStudioVersion = 12.0.31101.0
MinimumVisualStudioVersion = 10.0.40219.1
Project("{FAE04EC0-301F-11D3-BF4B-00C04F79EFBC}") = "Singleton", "Singleton\Singleton.csproj", "{5DA279A1-0D41-4239-AF6D-D3141FE9D9B2}"
EndProject
Project("{FAE04EC0-301F-11D3-BF4B-00C04F79EFBC}") = "02FactoryMethod", "02FactoryMethod\02FactoryMethod.csproj", "{50BFA192-11E8-4C4E-AB06-EAE3AE97E784}"
EndProject
Project("{FAE04EC0-301F-11D3-BF4B-00C04F79EFBC}") = "02FactoryMethodRealWorld", "02FactoryMethodInRealWorld\02FactoryMethodRealWorld.csproj", "{D4554B66-75CE-4DD0-9E51-BCFA81042C0E}"
EndProject
Project("{FAE04EC0-301F-11D3-BF4B-00C04F79EFBC}") = "03AbstractFactory", "03AbstractFactory\03AbstractFactory.csproj", "{620C3D3C-D4BC-495C-AE23-4E5574E9E89A}"
EndProject
Project("{FAE04EC0-301F-11D3-BF4B-00C04F79EFBC}") = "03AbstractFactoryRealWord", "03AbstractFactoryRealWord\03AbstractFactoryRealWord.csproj", "{FBA823E7-EE69-492D-90AC-94FBC36AACCD}"
EndProject
Project("{FAE04EC0-301F-11D3-BF4B-00C04F79EFBC}") = "04Builder", "04Builder\04Builder.csproj", "{2BB8F1E8-5149-4E3B-990A-367F3A257914}"
EndProject
Project("{FAE04EC0-301F-11D3-BF4B-00C04F79EFBC}") = "04BuilderRealWorld", "04BuilderRealWorld\04BuilderRealWorld.csproj", "{C2066914-FD8A-4240-9E10-200A8667AC9B}"
EndProject
Project("{FAE04EC0-301F-11D3-BF4B-00C04F79EFBC}") = "05Prototype", "05Prototype\05Prototype.csproj", "{97782AB2-9435-4A23-A68F-42D9B321FFDF}"
EndProject
Project("{FAE04EC0-301F-11D3-BF4B-00C04F79EFBC}") = "05PrototypeRealWorld", "05PrototypeRealWorld\05PrototypeRealWorld.csproj", "{7E64C95E-36FA-4791-9111-E20D0DA2B46D}"
EndProject
Project("{FAE04EC0-301F-11D3-BF4B-00C04F79EFBC}") = "06Adapter", "06Adapter\06Adapter.csproj", "{D9F233BE-6C13-4468-9399-D39D5A71A136}"
EndProject
Project("{FAE04EC0-301F-11D3-BF4B-00C04F79EFBC}") = "06AdapterRealWorld", "06AdapterRealWorld\06AdapterRealWorld.csproj", "{CA2A864E-63A7-4E22-8E8B-672A8E9FA1DD}"
EndProject
Global
	GlobalSection(SolutionConfigurationPlatforms) = preSolution
		Debug|Any CPU = Debug|Any CPU
		Release|Any CPU = Release|Any CPU
	EndGlobalSection
	GlobalSection(ProjectConfigurationPlatforms) = postSolution
		{5DA279A1-0D41-4239-AF6D-D3141FE9D9B2}.Debug|Any CPU.ActiveCfg = Debug|Any CPU
		{5DA279A1-0D41-4239-AF6D-D3141FE9D9B2}.Debug|Any CPU.Build.0 = Debug|Any CPU
		{5DA279A1-0D41-4239-AF6D-D3141FE9D9B2}.Release|Any CPU.ActiveCfg = Release|Any CPU
		{5DA279A1-0D41-4239-AF6D-D3141FE9D9B2}.Release|Any CPU.Build.0 = Release|Any CPU
		{50BFA192-11E8-4C4E-AB06-EAE3AE97E784}.Debug|Any CPU.ActiveCfg = Debug|Any CPU
		{50BFA192-11E8-4C4E-AB06-EAE3AE97E784}.Debug|Any CPU.Build.0 = Debug|Any CPU
		{50BFA192-11E8-4C4E-AB06-EAE3AE97E784}.Release|Any CPU.ActiveCfg = Release|Any CPU
		{50BFA192-11E8-4C4E-AB06-EAE3AE97E784}.Release|Any CPU.Build.0 = Release|Any CPU
		{D4554B66-75CE-4DD0-9E51-BCFA81042C0E}.Debug|Any CPU.ActiveCfg = Debug|Any CPU
		{D4554B66-75CE-4DD0-9E51-BCFA81042C0E}.Debug|Any CPU.Build.0 = Debug|Any CPU
		{D4554B66-75CE-4DD0-9E51-BCFA81042C0E}.Release|Any CPU.ActiveCfg = Release|Any CPU
		{D4554B66-75CE-4DD0-9E51-BCFA81042C0E}.Release|Any CPU.Build.0 = Release|Any CPU
		{620C3D3C-D4BC-495C-AE23-4E5574E9E89A}.Debug|Any CPU.ActiveCfg = Debug|Any CPU
		{620C3D3C-D4BC-495C-AE23-4E5574E9E89A}.Debug|Any CPU.Build.0 = Debug|Any CPU
		{620C3D3C-D4BC-495C-AE23-4E5574E9E89A}.Release|Any CPU.ActiveCfg = Release|Any CPU
		{620C3D3C-D4BC-495C-AE23-4E5574E9E89A}.Release|Any CPU.Build.0 = Release|Any CPU
		{FBA823E7-EE69-492D-90AC-94FBC36AACCD}.Debug|Any CPU.ActiveCfg = Debug|Any CPU
		{FBA823E7-EE69-492D-90AC-94FBC36AACCD}.Debug|Any CPU.Build.0 = Debug|Any CPU
		{FBA823E7-EE69-492D-90AC-94FBC36AACCD}.Release|Any CPU.ActiveCfg = Release|Any CPU
		{FBA823E7-EE69-492D-90AC-94FBC36AACCD}.Release|Any CPU.Build.0 = Release|Any CPU
		{2BB8F1E8-5149-4E3B-990A-367F3A257914}.Debug|Any CPU.ActiveCfg = Debug|Any CPU
		{2BB8F1E8-5149-4E3B-990A-367F3A257914}.Debug|Any CPU.Build.0 = Debug|Any CPU
		{2BB8F1E8-5149-4E3B-990A-367F3A257914}.Release|Any CPU.ActiveCfg = Release|Any CPU
		{2BB8F1E8-5149-4E3B-990A-367F3A257914}.Release|Any CPU.Build.0 = Release|Any CPU
		{C2066914-FD8A-4240-9E10-200A8667AC9B}.Debug|Any CPU.ActiveCfg = Debug|Any CPU
		{C2066914-FD8A-4240-9E10-200A8667AC9B}.Debug|Any CPU.Build.0 = Debug|Any CPU
		{C2066914-FD8A-4240-9E10-200A8667AC9B}.Release|Any CPU.ActiveCfg = Release|Any CPU
		{C2066914-FD8A-4240-9E10-200A8667AC9B}.Release|Any CPU.Build.0 = Release|Any CPU
		{97782AB2-9435-4A23-A68F-42D9B321FFDF}.Debug|Any CPU.ActiveCfg = Debug|Any CPU
		{97782AB2-9435-4A23-A68F-42D9B321FFDF}.Debug|Any CPU.Build.0 = Debug|Any CPU
		{97782AB2-9435-4A23-A68F-42D9B321FFDF}.Release|Any CPU.ActiveCfg = Release|Any CPU
		{97782AB2-9435-4A23-A68F-42D9B321FFDF}.Release|Any CPU.Build.0 = Release|Any CPU
		{7E64C95E-36FA-4791-9111-E20D0DA2B46D}.Debug|Any CPU.ActiveCfg = Debug|Any CPU
		{7E64C95E-36FA-4791-9111-E20D0DA2B46D}.Debug|Any CPU.Build.0 = Debug|Any CPU
		{7E64C95E-36FA-4791-9111-E20D0DA2B46D}.Release|Any CPU.ActiveCfg = Release|Any CPU
		{7E64C95E-36FA-4791-9111-E20D0DA2B46D}.Release|Any CPU.Build.0 = Release|Any CPU
		{D9F233BE-6C13-4468-9399-D39D5A71A136}.Debug|Any CPU.ActiveCfg = Debug|Any CPU
		{D9F233BE-6C13-4468-9399-D39D5A71A136}.Debug|Any CPU.Build.0 = Debug|Any CPU
		{D9F233BE-6C13-4468-9399-D39D5A71A136}.Release|Any CPU.ActiveCfg = Release|Any CPU
		{D9F233BE-6C13-4468-9399-D39D5A71A136}.Release|Any CPU.Build.0 = Release|Any CPU
		{CA2A864E-63A7-4E22-8E8B-672A8E9FA1DD}.Debug|Any CPU.ActiveCfg = Debug|Any CPU
		{CA2A864E-63A7-4E22-8E8B-672A8E9FA1DD}.Debug|Any CPU.Build.0 = Debug|Any CPU
		{CA2A864E-63A7-4E22-8E8B-672A8E9FA1DD}.Release|Any CPU.ActiveCfg = Release|Any CPU
		{CA2A864E-63A7-4E22-8E8B-672A8E9FA1DD}.Release|Any CPU.Build.0 = Release|Any CPU
	EndGlobalSection
	GlobalSection(SolutionProperties) = preSolution
		HideSolutionNode = FALSE
	EndGlobalSection
EndGlobal
